dependencies:
- name: mysql
  repository: https://charts.bitnami.com/bitnami
  version: 9.7.1
- name: redis
  repository: https://charts.bitnami.com/bitnami
  version: 17.9.5
digest: sha256:3cfcbec72d7827b48e7ff643f901683bd8f30d4e44be6b4583cc3279864c71fe
generated: "2023-04-21T22:46:15.2188259+01:00"
